
Microsoft Visual Studio Solution File, Format Version 12.00
# Visual Studio Version 17
VisualStudioVersion = 17.2.32616.157
MinimumVisualStudioVersion = 10.0.40219.1
Project("{9A19103F-16F7-4668-BE54-9A1E7A4F7556}") = "Calculator.ConsoleApp", "HelloWorld.Console\Calculator.ConsoleApp.csproj", "{725AB59F-2391-4E0B-9552-F1AB944B894A}"
EndProject
Project("{9A19103F-16F7-4668-BE54-9A1E7A4F7556}") = "Calculator", "Calculater\Calculator.csproj", "{CDCBCB8E-DB08-4369-8E0A-0F5B832454BB}"
EndProject
Project("{9A19103F-16F7-4668-BE54-9A1E7A4F7556}") = "Calculator.FormApp", "Calculator.FormApp\Calculator.FormApp.csproj", "{605B5A38-5088-4AA4-8390-84002CCE8933}"
EndProject
Project("{FAE04EC0-301F-11D3-BF4B-00C04F79EFBC}") = "Calculator.AlternateForm", "Calculator.AlternateForm\Calculator.AlternateForm.csproj", "{0A914963-8352-4D75-8A7E-F4EDFDA0CF9C}"
EndProject
Global
	GlobalSection(SolutionConfigurationPlatforms) = preSolution
		Debug|Any CPU = Debug|Any CPU
		Release|Any CPU = Release|Any CPU
	EndGlobalSection
	GlobalSection(ProjectConfigurationPlatforms) = postSolution
		{725AB59F-2391-4E0B-9552-F1AB944B894A}.Debug|Any CPU.ActiveCfg = Debug|Any CPU
		{725AB59F-2391-4E0B-9552-F1AB944B894A}.Debug|Any CPU.Build.0 = Debug|Any CPU
		{725AB59F-2391-4E0B-9552-F1AB944B894A}.Release|Any CPU.ActiveCfg = Release|Any CPU
		{725AB59F-2391-4E0B-9552-F1AB944B894A}.Release|Any CPU.Build.0 = Release|Any CPU
		{CDCBCB8E-DB08-4369-8E0A-0F5B832454BB}.Debug|Any CPU.ActiveCfg = Debug|Any CPU
		{CDCBCB8E-DB08-4369-8E0A-0F5B832454BB}.Debug|Any CPU.Build.0 = Debug|Any CPU
		{CDCBCB8E-DB08-4369-8E0A-0F5B832454BB}.Release|Any CPU.ActiveCfg = Release|Any CPU
		{CDCBCB8E-DB08-4369-8E0A-0F5B832454BB}.Release|Any CPU.Build.0 = Release|Any CPU
		{605B5A38-5088-4AA4-8390-84002CCE8933}.Debug|Any CPU.ActiveCfg = Debug|Any CPU
		{605B5A38-5088-4AA4-8390-84002CCE8933}.Debug|Any CPU.Build.0 = Debug|Any CPU
		{605B5A38-5088-4AA4-8390-84002CCE8933}.Release|Any CPU.ActiveCfg = Release|Any CPU
		{605B5A38-5088-4AA4-8390-84002CCE8933}.Release|Any CPU.Build.0 = Release|Any CPU
		{0A914963-8352-4D75-8A7E-F4EDFDA0CF9C}.Debug|Any CPU.ActiveCfg = Debug|Any CPU
		{0A914963-8352-4D75-8A7E-F4EDFDA0CF9C}.Debug|Any CPU.Build.0 = Debug|Any CPU
		{0A914963-8352-4D75-8A7E-F4EDFDA0CF9C}.Release|Any CPU.ActiveCfg = Release|Any CPU
		{0A914963-8352-4D75-8A7E-F4EDFDA0CF9C}.Release|Any CPU.Build.0 = Release|Any CPU
	EndGlobalSection
	GlobalSection(SolutionProperties) = preSolution
		HideSolutionNode = FALSE
	EndGlobalSection
	GlobalSection(ExtensibilityGlobals) = postSolution
		SolutionGuid = {B97513E7-B7FE-475A-9796-FBB22D6471B4}
	EndGlobalSection
EndGlobal
